
Microsoft Visual Studio Solution File, Format Version 12.00
# Visual Studio Version 17
VisualStudioVersion = 17.8.34330.188
MinimumVisualStudioVersion = 10.0.40219.1
Project("{9A19103F-16F7-4668-BE54-9A1E7A4F7556}") = "PresentationLayer", "Modsen_dotnet_Task2\PresentationLayer.csproj", "{E33717B8-AB7A-4B27-8428-F9C663D03B0F}"
EndProject
Project("{FAE04EC0-301F-11D3-BF4B-00C04F79EFBC}") = "BusinessLogicLayer", "BusinessLogicLayer\BusinessLogicLayer.csproj", "{DA28103E-6E7D-4855-891D-47D4DCBAE62D}"
EndProject
Project("{FAE04EC0-301F-11D3-BF4B-00C04F79EFBC}") = "DataAccessLayer", "DataAccessLayer\DataAccessLayer.csproj", "{7307E181-9ED6-4F60-9099-DF7BA2103D54}"
EndProject
Global
	GlobalSection(SolutionConfigurationPlatforms) = preSolution
		Debug|Any CPU = Debug|Any CPU
		Release|Any CPU = Release|Any CPU
	EndGlobalSection
	GlobalSection(ProjectConfigurationPlatforms) = postSolution
		{E33717B8-AB7A-4B27-8428-F9C663D03B0F}.Debug|Any CPU.ActiveCfg = Debug|Any CPU
		{E33717B8-AB7A-4B27-8428-F9C663D03B0F}.Debug|Any CPU.Build.0 = Debug|Any CPU
		{E33717B8-AB7A-4B27-8428-F9C663D03B0F}.Release|Any CPU.ActiveCfg = Release|Any CPU
		{E33717B8-AB7A-4B27-8428-F9C663D03B0F}.Release|Any CPU.Build.0 = Release|Any CPU
		{DA28103E-6E7D-4855-891D-47D4DCBAE62D}.Debug|Any CPU.ActiveCfg = Debug|Any CPU
		{DA28103E-6E7D-4855-891D-47D4DCBAE62D}.Debug|Any CPU.Build.0 = Debug|Any CPU
		{DA28103E-6E7D-4855-891D-47D4DCBAE62D}.Release|Any CPU.ActiveCfg = Release|Any CPU
		{DA28103E-6E7D-4855-891D-47D4DCBAE62D}.Release|Any CPU.Build.0 = Release|Any CPU
		{7307E181-9ED6-4F60-9099-DF7BA2103D54}.Debug|Any CPU.ActiveCfg = Debug|Any CPU
		{7307E181-9ED6-4F60-9099-DF7BA2103D54}.Debug|Any CPU.Build.0 = Debug|Any CPU
		{7307E181-9ED6-4F60-9099-DF7BA2103D54}.Release|Any CPU.ActiveCfg = Release|Any CPU
		{7307E181-9ED6-4F60-9099-DF7BA2103D54}.Release|Any CPU.Build.0 = Release|Any CPU
	EndGlobalSection
	GlobalSection(SolutionProperties) = preSolution
		HideSolutionNode = FALSE
	EndGlobalSection
	GlobalSection(ExtensibilityGlobals) = postSolution
		SolutionGuid = {A0F41013-181E-41F3-96ED-D25842821BE3}
	EndGlobalSection
EndGlobal
